
Microsoft Visual Studio Solution File, Format Version 12.00
# Visual Studio Version 17
VisualStudioVersion = 17.14.36212.18 d17.14
MinimumVisualStudioVersion = 10.0.40219.1
Project("{888888A0-9F3D-457C-B088-3A5042F75D52}") = "Sales_Dashboard", "Sales_Dashboard.pyproj", "{6C60FD83-BC53-46D9-BC16-8F20CB512320}"
EndProject
Global
	GlobalSection(SolutionConfigurationPlatforms) = preSolution
		Debug|Any CPU = Debug|Any CPU
		Release|Any CPU = Release|Any CPU
	EndGlobalSection
	GlobalSection(ProjectConfigurationPlatforms) = postSolution
		{6C60FD83-BC53-46D9-BC16-8F20CB512320}.Debug|Any CPU.ActiveCfg = Debug|Any CPU
		{6C60FD83-BC53-46D9-BC16-8F20CB512320}.Debug|Any CPU.Build.0 = Debug|Any CPU
		{6C60FD83-BC53-46D9-BC16-8F20CB512320}.Release|Any CPU.ActiveCfg = Release|Any CPU
		{6C60FD83-BC53-46D9-BC16-8F20CB512320}.Release|Any CPU.Build.0 = Release|Any CPU
	EndGlobalSection
	GlobalSection(SolutionProperties) = preSolution
		HideSolutionNode = FALSE
	EndGlobalSection
	GlobalSection(ExtensibilityGlobals) = postSolution
		SolutionGuid = {90BC3929-BA73-41A5-B9F0-B8C5635DF908}
	EndGlobalSection
EndGlobal
